
Microsoft Visual Studio Solution File, Format Version 12.00
# Visual Studio Version 16
VisualStudioVersion = 16.0.30804.86
MinimumVisualStudioVersion = 10.0.40219.1
Project("{FAE04EC0-301F-11D3-BF4B-00C04F79EFBC}") = "dbApp", "dbApp\dbApp.csproj", "{3AB3D905-0A48-434E-B435-4451994DDBE2}"
EndProject
Global
	GlobalSection(SolutionConfigurationPlatforms) = preSolution
		Debug|Any CPU = Debug|Any CPU
		Release|Any CPU = Release|Any CPU
	EndGlobalSection
	GlobalSection(ProjectConfigurationPlatforms) = postSolution
		{3AB3D905-0A48-434E-B435-4451994DDBE2}.Debug|Any CPU.ActiveCfg = Debug|Any CPU
		{3AB3D905-0A48-434E-B435-4451994DDBE2}.Debug|Any CPU.Build.0 = Debug|Any CPU
		{3AB3D905-0A48-434E-B435-4451994DDBE2}.Release|Any CPU.ActiveCfg = Release|Any CPU
		{3AB3D905-0A48-434E-B435-4451994DDBE2}.Release|Any CPU.Build.0 = Release|Any CPU
	EndGlobalSection
	GlobalSection(SolutionProperties) = preSolution
		HideSolutionNode = FALSE
	EndGlobalSection
	GlobalSection(ExtensibilityGlobals) = postSolution
		SolutionGuid = {873796C2-58B3-4F18-9C28-3A347E2254B7}
	EndGlobalSection
EndGlobal
